// !$*UTF8*$!
{
	archiveVersion = 1;
	classes = {
	};
	objectVersion = 56;
	objects = {

/* Begin PBXBuildFile section */
		1003B4282AB162800044AC54 /* AppDelegate.swift in Sources */ = {isa = PBXBuildFile; fileRef = 1003B4272AB162800044AC54 /* AppDelegate.swift */; };
		1003B42A2AB162800044AC54 /* SceneDelegate.swift in Sources */ = {isa = PBXBuildFile; fileRef = 1003B4292AB162800044AC54 /* SceneDelegate.swift */; };
		1003B42C2AB162800044AC54 /* MainViewController.swift in Sources */ = {isa = PBXBuildFile; fileRef = 1003B42B2AB162800044AC54 /* MainViewController.swift */; };
		1003B42F2AB162800044AC54 /* Main.storyboard in Resources */ = {isa = PBXBuildFile; fileRef = 1003B42D2AB162800044AC54 /* Main.storyboard */; };
		1003B4312AB162810044AC54 /* Assets.xcassets in Resources */ = {isa = PBXBuildFile; fileRef = 1003B4302AB162810044AC54 /* Assets.xcassets */; };
		1003B4342AB162810044AC54 /* LaunchScreen.storyboard in Resources */ = {isa = PBXBuildFile; fileRef = 1003B4322AB162810044AC54 /* LaunchScreen.storyboard */; };
		1003B43D2AB166AC0044AC54 /* SnapKit in Frameworks */ = {isa = PBXBuildFile; productRef = 1003B43C2AB166AC0044AC54 /* SnapKit */; };
		1003B4402AB184800044AC54 /* Font.swift in Sources */ = {isa = PBXBuildFile; fileRef = 1003B43F2AB184800044AC54 /* Font.swift */; };
		1003B4422AB1848A0044AC54 /* Preview.swift in Sources */ = {isa = PBXBuildFile; fileRef = 1003B4412AB1848A0044AC54 /* Preview.swift */; };
		1003B4442AB185260044AC54 /* ProfileDesignViewController.swift in Sources */ = {isa = PBXBuildFile; fileRef = 1003B4432AB185260044AC54 /* ProfileDesignViewController.swift */; };
		1003B4462AB1855C0044AC54 /* ProfileViewController.swift in Sources */ = {isa = PBXBuildFile; fileRef = 1003B4452AB1855C0044AC54 /* ProfileViewController.swift */; };
		1003B4482AB187480044AC54 /* OpenSans-VariableFont_wdth,wght.ttf in Resources */ = {isa = PBXBuildFile; fileRef = 1003B4472AB187480044AC54 /* OpenSans-VariableFont_wdth,wght.ttf */; };
/* End PBXBuildFile section */

/* Begin PBXFileReference section */
		1003B4242AB162800044AC54 /* Profile.app */ = {isa = PBXFileReference; explicitFileType = wrapper.application; includeInIndex = 0; path = Profile.app; sourceTree = BUILT_PRODUCTS_DIR; };
		1003B4272AB162800044AC54 /* AppDelegate.swift */ = {isa = PBXFileReference; lastKnownFileType = sourcecode.swift; path = AppDelegate.swift; sourceTree = "<group>"; };
		1003B4292AB162800044AC54 /* SceneDelegate.swift */ = {isa = PBXFileReference; lastKnownFileType = sourcecode.swift; path = SceneDelegate.swift; sourceTree = "<group>"; };
		1003B42B2AB162800044AC54 /* MainViewController.swift */ = {isa = PBXFileReference; lastKnownFileType = sourcecode.swift; path = MainViewController.swift; sourceTree = "<group>"; };
		1003B42E2AB162800044AC54 /* Base */ = {isa = PBXFileReference; lastKnownFileType = file.storyboard; name = Base; path = Base.lproj/Main.storyboard; sourceTree = "<group>"; };
		1003B4302AB162810044AC54 /* Assets.xcassets */ = {isa = PBXFileReference; lastKnownFileType = folder.assetcatalog; path = Assets.xcassets; sourceTree = "<group>"; };
		1003B4332AB162810044AC54 /* Base */ = {isa = PBXFileReference; lastKnownFileType = file.storyboard; name = Base; path = Base.lproj/LaunchScreen.storyboard; sourceTree = "<group>"; };
		1003B4352AB162810044AC54 /* Info.plist */ = {isa = PBXFileReference; lastKnownFileType = text.plist.xml; path = Info.plist; sourceTree = "<group>"; };
		1003B43F2AB184800044AC54 /* Font.swift */ = {isa = PBXFileReference; lastKnownFileType = sourcecode.swift; path = Font.swift; sourceTree = "<group>"; };
		1003B4412AB1848A0044AC54 /* Preview.swift */ = {isa = PBXFileReference; lastKnownFileType = sourcecode.swift; path = Preview.swift; sourceTree = "<group>"; };
		1003B4432AB185260044AC54 /* ProfileDesignViewController.swift */ = {isa = PBXFileReference; lastKnownFileType = sourcecode.swift; path = ProfileDesignViewController.swift; sourceTree = "<group>"; };
		1003B4452AB1855C0044AC54 /* ProfileViewController.swift */ = {isa = PBXFileReference; lastKnownFileType = sourcecode.swift; path = ProfileViewController.swift; sourceTree = "<group>"; };
		1003B4472AB187480044AC54 /* OpenSans-VariableFont_wdth,wght.ttf */ = {isa = PBXFileReference; lastKnownFileType = file; name = "OpenSans-VariableFont_wdth,wght.ttf"; path = "../../../../Downloads/Open_Sans/OpenSans-VariableFont_wdth,wght.ttf"; sourceTree = "<group>"; };
/* End PBXFileReference section */

/* Begin PBXFrameworksBuildPhase section */
		1003B4212AB162800044AC54 /* Frameworks */ = {
			isa = PBXFrameworksBuildPhase;
			buildActionMask = 2147483647;
			files = (
				1003B43D2AB166AC0044AC54 /* SnapKit in Frameworks */,
			);
			runOnlyForDeploymentPostprocessing = 0;
		};
/* End PBXFrameworksBuildPhase section */

/* Begin PBXGroup section */
		1003B41B2AB162800044AC54 = {
			isa = PBXGroup;
			children = (
				1003B43E2AB184520044AC54 /* Util */,
				1003B4262AB162800044AC54 /* Profile */,
				1003B4252AB162800044AC54 /* Products */,
			);
			sourceTree = "<group>";
		};
		1003B4252AB162800044AC54 /* Products */ = {
			isa = PBXGroup;
			children = (
				1003B4242AB162800044AC54 /* Profile.app */,
			);
			name = Products;
			sourceTree = "<group>";
		};
		1003B4262AB162800044AC54 /* Profile */ = {
			isa = PBXGroup;
			children = (
				1003B4272AB162800044AC54 /* AppDelegate.swift */,
				1003B4292AB162800044AC54 /* SceneDelegate.swift */,
				1003B42B2AB162800044AC54 /* MainViewController.swift */,
				1003B4432AB185260044AC54 /* ProfileDesignViewController.swift */,
				1003B4452AB1855C0044AC54 /* ProfileViewController.swift */,
				1003B42D2AB162800044AC54 /* Main.storyboard */,
				1003B4302AB162810044AC54 /* Assets.xcassets */,
				1003B4322AB162810044AC54 /* LaunchScreen.storyboard */,
				1003B4352AB162810044AC54 /* Info.plist */,
				1003B4472AB187480044AC54 /* OpenSans-VariableFont_wdth,wght.ttf */,
			);
			path = Profile;
			sourceTree = "<group>";
		};
		1003B43E2AB184520044AC54 /* Util */ = {
			isa = PBXGroup;
			children = (
				1003B43F2AB184800044AC54 /* Font.swift */,
				1003B4412AB1848A0044AC54 /* Preview.swift */,
			);
			path = Util;
			sourceTree = "<group>";
		};
/* End PBXGroup section */

/* Begin PBXNativeTarget section */
		1003B4232AB162800044AC54 /* Profile */ = {
			isa = PBXNativeTarget;
			buildConfigurationList = 1003B4382AB162810044AC54 /* Build configuration list for PBXNativeTarget "Profile" */;
			buildPhases = (
				1003B4202AB162800044AC54 /* Sources */,
				1003B4212AB162800044AC54 /* Frameworks */,
				1003B4222AB162800044AC54 /* Resources */,
			);
			buildRules = (
			);
			dependencies = (
			);
			name = Profile;
			packageProductDependencies = (
				1003B43C2AB166AC0044AC54 /* SnapKit */,
			);
			productName = Profile;
			productReference = 1003B4242AB162800044AC54 /* Profile.app */;
			productType = "com.apple.product-type.application";
		};
/* End PBXNativeTarget section */

/* Begin PBXProject section */
		1003B41C2AB162800044AC54 /* Project object */ = {
			isa = PBXProject;
			attributes = {
				BuildIndependentTargetsInParallel = 1;
				LastSwiftUpdateCheck = 1430;
				LastUpgradeCheck = 1430;
				TargetAttributes = {
					1003B4232AB162800044AC54 = {
						CreatedOnToolsVersion = 14.3.1;
					};
				};
			};
			buildConfigurationList = 1003B41F2AB162800044AC54 /* Build configuration list for PBXProject "Profile" */;
			compatibilityVersion = "Xcode 14.0";
			developmentRegion = en;
			hasScannedForEncodings = 0;
			knownRegions = (
				en,
				Base,
			);
			mainGroup = 1003B41B2AB162800044AC54;
			packageReferences = (
				1003B43B2AB166AC0044AC54 /* XCRemoteSwiftPackageReference "SnapKit" */,
			);
			productRefGroup = 1003B4252AB162800044AC54 /* Products */;
			projectDirPath = "";
			projectRoot = "";
			targets = (
				1003B4232AB162800044AC54 /* Profile */,
			);
		};
/* End PBXProject section */

/* Begin PBXResourcesBuildPhase section */
		1003B4222AB162800044AC54 /* Resources */ = {
			isa = PBXResourcesBuildPhase;
			buildActionMask = 2147483647;
			files = (
				1003B4482AB187480044AC54 /* OpenSans-VariableFont_wdth,wght.ttf in Resources */,
				1003B4342AB162810044AC54 /* LaunchScreen.storyboard in Resources */,
				1003B4312AB162810044AC54 /* Assets.xcassets in Resources */,
				1003B42F2AB162800044AC54 /* Main.storyboard in Resources */,
			);
			runOnlyForDeploymentPostprocessing = 0;
		};
/* End PBXResourcesBuildPhase section */

/* Begin PBXSourcesBuildPhase section */
		1003B4202AB162800044AC54 /* Sources */ = {
			isa = PBXSourcesBuildPhase;
			buildActionMask = 2147483647;
			files = (
				1003B4402AB184800044AC54 /* Font.swift in Sources */,
				1003B42C2AB162800044AC54 /* MainViewController.swift in Sources */,
				1003B4442AB185260044AC54 /* ProfileDesignViewController.swift in Sources */,
				1003B4422AB1848A0044AC54 /* Preview.swift in Sources */,
				1003B4462AB1855C0044AC54 /* ProfileViewController.swift in Sources */,
				1003B4282AB162800044AC54 /* AppDelegate.swift in Sources */,
				1003B42A2AB162800044AC54 /* SceneDelegate.swift in Sources */,
			);
			runOnlyForDeploymentPostprocessing = 0;
		};
/* End PBXSourcesBuildPhase section */

/* Begin PBXVariantGroup section */
		1003B42D2AB162800044AC54 /* Main.storyboard */ = {
			isa = PBXVariantGroup;
			children = (
				1003B42E2AB162800044AC54 /* Base */,
			);
			name = Main.storyboard;
			sourceTree = "<group>";
		};
		1003B4322AB162810044AC54 /* LaunchScreen.storyboard */ = {
			isa = PBXVariantGroup;
			children = (
				1003B4332AB162810044AC54 /* Base */,
			);
			name = LaunchScreen.storyboard;
			sourceTree = "<group>";
		};
/* End PBXVariantGroup section */

/* Begin XCBuildConfiguration section */
		1003B4362AB162810044AC54 /* Debug */ = {
			isa = XCBuildConfiguration;
			buildSettings = {
				ALWAYS_SEARCH_USER_PATHS = NO;
				CLANG_ANALYZER_NONNULL = YES;
				CLANG_ANALYZER_NUMBER_OBJECT_CONVERSION = YES_AGGRESSIVE;
				CLANG_CXX_LANGUAGE_STANDARD = "gnu++20";
				CLANG_ENABLE_MODULES = YES;
				CLANG_ENABLE_OBJC_ARC = YES;
				CLANG_ENABLE_OBJC_WEAK = YES;
				CLANG_WARN_BLOCK_CAPTURE_AUTORELEASING = YES;
				CLANG_WARN_BOOL_CONVERSION = YES;
				CLANG_WARN_COMMA = YES;
				CLANG_WARN_CONSTANT_CONVERSION = YES;
				CLANG_WARN_DEPRECATED_OBJC_IMPLEMENTATIONS = YES;
				CLANG_WARN_DIRECT_OBJC_ISA_USAGE = YES_ERROR;
				CLANG_WARN_DOCUMENTATION_COMMENTS = YES;
				CLANG_WARN_EMPTY_BODY = YES;
				CLANG_WARN_ENUM_CONVERSION = YES;
				CLANG_WARN_INFINITE_RECURSION = YES;
				CLANG_WARN_INT_CONVERSION = YES;
				CLANG_WARN_NON_LITERAL_NULL_CONVERSION = YES;
				CLANG_WARN_OBJC_IMPLICIT_RETAIN_SELF = YES;
				CLANG_WARN_OBJC_LITERAL_CONVERSION = YES;
				CLANG_WARN_OBJC_ROOT_CLASS = YES_ERROR;
				CLANG_WARN_QUOTED_INCLUDE_IN_FRAMEWORK_HEADER = YES;
				CLANG_WARN_RANGE_LOOP_ANALYSIS = YES;
				CLANG_WARN_STRICT_PROTOTYPES = YES;
				CLANG_WARN_SUSPICIOUS_MOVE = YES;
				CLANG_WARN_UNGUARDED_AVAILABILITY = YES_AGGRESSIVE;
				CLANG_WARN_UNREACHABLE_CODE = YES;
				CLANG_WARN__DUPLICATE_METHOD_MATCH = YES;
				COPY_PHASE_STRIP = NO;
				DEBUG_INFORMATION_FORMAT = dwarf;
				ENABLE_STRICT_OBJC_MSGSEND = YES;
				ENABLE_TESTABILITY = YES;
				GCC_C_LANGUAGE_STANDARD = gnu11;
				GCC_DYNAMIC_NO_PIC = NO;
				GCC_NO_COMMON_BLOCKS = YES;
				GCC_OPTIMIZATION_LEVEL = 0;
				GCC_PREPROCESSOR_DEFINITIONS = (
					"DEBUG=1",
					"$(inherited)",
				);
				GCC_WARN_64_TO_32_BIT_CONVERSION = YES;
				GCC_WARN_ABOUT_RETURN_TYPE = YES_ERROR;
				GCC_WARN_UNDECLARED_SELECTOR = YES;
				GCC_WARN_UNINITIALIZED_AUTOS = YES_AGGRESSIVE;
				GCC_WARN_UNUSED_FUNCTION = YES;
				GCC_WARN_UNUSED_VARIABLE = YES;
				IPHONEOS_DEPLOYMENT_TARGET = 16.4;
				MTL_ENABLE_DEBUG_INFO = INCLUDE_SOURCE;
				MTL_FAST_MATH = YES;
				ONLY_ACTIVE_ARCH = YES;
				SDKROOT = iphoneos;
				SWIFT_ACTIVE_COMPILATION_CONDITIONS = DEBUG;
				SWIFT_OPTIMIZATION_LEVEL = "-Onone";
			};
			name = Debug;
		};
		1003B4372AB162810044AC54 /* Release */ = {
			isa = XCBuildConfiguration;
			buildSettings = {
				ALWAYS_SEARCH_USER_PATHS = NO;
				CLANG_ANALYZER_NONNULL = YES;
				CLANG_ANALYZER_NUMBER_OBJECT_CONVERSION = YES_AGGRESSIVE;
				CLANG_CXX_LANGUAGE_STANDARD = "gnu++20";
				CLANG_ENABLE_MODULES = YES;
				CLANG_ENABLE_OBJC_ARC = YES;
				CLANG_ENABLE_OBJC_WEAK = YES;
				CLANG_WARN_BLOCK_CAPTURE_AUTORELEASING = YES;
				CLANG_WARN_BOOL_CONVERSION = YES;
				CLANG_WARN_COMMA = YES;
				CLANG_WARN_CONSTANT_CONVERSION = YES;
				CLANG_WARN_DEPRECATED_OBJC_IMPLEMENTATIONS = YES;
				CLANG_WARN_DIRECT_OBJC_ISA_USAGE = YES_ERROR;
				CLANG_WARN_DOCUMENTATION_COMMENTS = YES;
				CLANG_WARN_EMPTY_BODY = YES;
				CLANG_WARN_ENUM_CONVERSION = YES;
				CLANG_WARN_INFINITE_RECURSION = YES;
				CLANG_WARN_INT_CONVERSION = YES;
				CLANG_WARN_NON_LITERAL_NULL_CONVERSION = YES;
				CLANG_WARN_OBJC_IMPLICIT_RETAIN_SELF = YES;
				CLANG_WARN_OBJC_LITERAL_CONVERSION = YES;
				CLANG_WARN_OBJC_ROOT_CLASS = YES_ERROR;
				CLANG_WARN_QUOTED_INCLUDE_IN_FRAMEWORK_HEADER = YES;
				CLANG_WARN_RANGE_LOOP_ANALYSIS = YES;
				CLANG_WARN_STRICT_PROTOTYPES = YES;
				CLANG_WARN_SUSPICIOUS_MOVE = YES;
				CLANG_WARN_UNGUARDED_AVAILABILITY = YES_AGGRESSIVE;
				CLANG_WARN_UNREACHABLE_CODE = YES;
				CLANG_WARN__DUPLICATE_METHOD_MATCH = YES;
				COPY_PHASE_STRIP = NO;
				DEBUG_INFORMATION_FORMAT = "dwarf-with-dsym";
				ENABLE_NS_ASSERTIONS = NO;
				ENABLE_STRICT_OBJC_MSGSEND = YES;
				GCC_C_LANGUAGE_STANDARD = gnu11;
				GCC_NO_COMMON_BLOCKS = YES;
				GCC_WARN_64_TO_32_BIT_CONVERSION = YES;
				GCC_WARN_ABOUT_RETURN_TYPE = YES_ERROR;
				GCC_WARN_UNDECLARED_SELECTOR = YES;
				GCC_WARN_UNINITIALIZED_AUTOS = YES_AGGRESSIVE;
				GCC_WARN_UNUSED_FUNCTION = YES;
				GCC_WARN_UNUSED_VARIABLE = YES;
				IPHONEOS_DEPLOYMENT_TARGET = 16.4;
				MTL_ENABLE_DEBUG_INFO = NO;
				MTL_FAST_MATH = YES;
				SDKROOT = iphoneos;
				SWIFT_COMPILATION_MODE = wholemodule;
				SWIFT_OPTIMIZATION_LEVEL = "-O";
				VALIDATE_PRODUCT = YES;
			};
			name = Release;
		};
		1003B4392AB162810044AC54 /* Debug */ = {
			isa = XCBuildConfiguration;
			buildSettings = {
				ASSETCATALOG_COMPILER_APPICON_NAME = AppIcon;
				ASSETCATALOG_COMPILER_GLOBAL_ACCENT_COLOR_NAME = AccentColor;
				CODE_SIGN_STYLE = Automatic;
				CURRENT_PROJECT_VERSION = 1;
				DEVELOPMENT_TEAM = 7425535F6V;
				GENERATE_INFOPLIST_FILE = YES;
				INFOPLIST_FILE = Profile/Info.plist;
				INFOPLIST_KEY_UIApplicationSupportsIndirectInputEvents = YES;
				INFOPLIST_KEY_UILaunchStoryboardName = LaunchScreen;
				INFOPLIST_KEY_UIMainStoryboardFile = Main;
				INFOPLIST_KEY_UISupportedInterfaceOrientations_iPad = "UIInterfaceOrientationPortrait UIInterfaceOrientationPortraitUpsideDown UIInterfaceOrientationLandscapeLeft UIInterfaceOrientationLandscapeRight";
				INFOPLIST_KEY_UISupportedInterfaceOrientations_iPhone = "UIInterfaceOrientationPortrait UIInterfaceOrientationLandscapeLeft UIInterfaceOrientationLandscapeRight";
				LD_RUNPATH_SEARCH_PATHS = (
					"$(inherited)",
					"@executable_path/Frameworks",
				);
				MARKETING_VERSION = 1.0;
				PRODUCT_BUNDLE_IDENTIFIER = com.iOS.camp.Profile;
				PRODUCT_NAME = "$(TARGET_NAME)";
				SWIFT_EMIT_LOC_STRINGS = YES;
				SWIFT_VERSION = 5.0;
				TARGETED_DEVICE_FAMILY = "1,2";
			};
			name = Debug;
		};
		1003B43A2AB162810044AC54 /* Release */ = {
			isa = XCBuildConfiguration;
			buildSettings = {
				ASSETCATALOG_COMPILER_APPICON_NAME = AppIcon;
				ASSETCATALOG_COMPILER_GLOBAL_ACCENT_COLOR_NAME = AccentColor;
				CODE_SIGN_STYLE = Automatic;
				CURRENT_PROJECT_VERSION = 1;
				DEVELOPMENT_TEAM = 7425535F6V;
				GENERATE_INFOPLIST_FILE = YES;
				INFOPLIST_FILE = Profile/Info.plist;
				INFOPLIST_KEY_UIApplicationSupportsIndirectInputEvents = YES;
				INFOPLIST_KEY_UILaunchStoryboardName = LaunchScreen;
				INFOPLIST_KEY_UIMainStoryboardFile = Main;
				INFOPLIST_KEY_UISupportedInterfaceOrientations_iPad = "UIInterfaceOrientationPortrait UIInterfaceOrientationPortraitUpsideDown UIInterfaceOrientationLandscapeLeft UIInterfaceOrientationLandscapeRight";
				INFOPLIST_KEY_UISupportedInterfaceOrientations_iPhone = "UIInterfaceOrientationPortrait UIInterfaceOrientationLandscapeLeft UIInterfaceOrientationLandscapeRight";
				LD_RUNPATH_SEARCH_PATHS = (
					"$(inherited)",
					"@executable_path/Frameworks",
				);
				MARKETING_VERSION = 1.0;
				PRODUCT_BUNDLE_IDENTIFIER = com.iOS.camp.Profile;
				PRODUCT_NAME = "$(TARGET_NAME)";
				SWIFT_EMIT_LOC_STRINGS = YES;
				SWIFT_VERSION = 5.0;
				TARGETED_DEVICE_FAMILY = "1,2";
			};
			name = Release;
		};
/* End XCBuildConfiguration section */

/* Begin XCConfigurationList section */
		1003B41F2AB162800044AC54 /* Build configuration list for PBXProject "Profile" */ = {
			isa = XCConfigurationList;
			buildConfigurations = (
				1003B4362AB162810044AC54 /* Debug */,
				1003B4372AB162810044AC54 /* Release */,
			);
			defaultConfigurationIsVisible = 0;
			defaultConfigurationName = Release;
		};
		1003B4382AB162810044AC54 /* Build configuration list for PBXNativeTarget "Profile" */ = {
			isa = XCConfigurationList;
			buildConfigurations = (
				1003B4392AB162810044AC54 /* Debug */,
				1003B43A2AB162810044AC54 /* Release */,
			);
			defaultConfigurationIsVisible = 0;
			defaultConfigurationName = Release;
		};
/* End XCConfigurationList section */

/* Begin XCRemoteSwiftPackageReference section */
		1003B43B2AB166AC0044AC54 /* XCRemoteSwiftPackageReference "SnapKit" */ = {
			isa = XCRemoteSwiftPackageReference;
			repositoryURL = "https://github.com/SnapKit/SnapKit.git";
			requirement = {
				kind = upToNextMajorVersion;
				minimumVersion = 5.0.0;
			};
		};
/* End XCRemoteSwiftPackageReference section */

/* Begin XCSwiftPackageProductDependency section */
		1003B43C2AB166AC0044AC54 /* SnapKit */ = {
			isa = XCSwiftPackageProductDependency;
			package = 1003B43B2AB166AC0044AC54 /* XCRemoteSwiftPackageReference "SnapKit" */;
			productName = SnapKit;
		};
/* End XCSwiftPackageProductDependency section */
	};
	rootObject = 1003B41C2AB162800044AC54 /* Project object */;
}
